{
  "name": "vl-database-security-rpc-regression",
  "version": "1.0.0",
  "lockfileVersion": 3,
  "requires": true,
  "packages": {
    "": {
      "name": "vl-database-security-rpc-regression",
      "version": "1.0.0",
      "devDependencies": {
        "@electric-sql/pglite": "0.4.6"
      }
    },
    "node_modules/@electric-sql/pglite": {
      "version": "0.4.6",
      "resolved": "https://registry.npmjs.org/@electric-sql/pglite/-/pglite-0.4.6.tgz",
      "integrity": "sha512-qmlmfN8UyKCee35qkV0r/MBp+Znl8FjBz7OpoglNvww3GJpw0/DLP0o1ZymvLNmcD5DTLOQdzKPtF8Hd3mdl1w==",
      "dev": true,
      "license": "Apache-2.0"
    }
  }
}
